PODS:
  - Anchorage (4.5.0)
  - LoginUI (2022.08.26):
    - Anchorage

DEPENDENCIES:
  - Anchorage
  - LoginUI (from `../mod/LoginUI`)

SPEC REPOS:
  https://github.com/CocoaPods/Specs.git:
    - Anchorage

EXTERNAL SOURCES:
  LoginUI:
    :path: "../mod/LoginUI"

SPEC CHECKSUMS:
  Anchorage: 1961bc81c84aeed54ad7ffc697c50cd9de748ba6
  LoginUI: e9298bd12c3b4efa5918ca87891ba6ba63c9734f

PODFILE CHECKSUM: 0060180dcb79277507c402caae29857c4ab361e9

COCOAPODS: 1.9.1
